
Microsoft Visual Studio Solution File, Format Version 12.00
# Visual Studio Version 17
VisualStudioVersion = 17.7.34031.279
MinimumVisualStudioVersion = 10.0.40219.1
Project("{9A19103F-16F7-4668-BE54-9A1E7A4F7556}") = "BLL", "BLL\BLL.csproj", "{92EEE0BE-5C0D-45EA-BB1C-C2A942A2BB78}"
EndProject
Project("{9A19103F-16F7-4668-BE54-9A1E7A4F7556}") = "DAL", "DAL\DAL.csproj", "{68E1B69D-D3BC-4E19-86E5-1AEF897E665B}"
EndProject
Project("{9A19103F-16F7-4668-BE54-9A1E7A4F7556}") = "DTO", "DTO\DTO.csproj", "{EF50A938-EB9B-4740-8E78-17A9BA60E7E0}"
EndProject
Project("{9A19103F-16F7-4668-BE54-9A1E7A4F7556}") = "GUI", "GUI\GUI.csproj", "{A73D5713-A3AD-4954-BF1B-7B3F5234DE3E}"
EndProject
Global
	GlobalSection(SolutionConfigurationPlatforms) = preSolution
		Debug|Any CPU = Debug|Any CPU
		Release|Any CPU = Release|Any CPU
	EndGlobalSection
	GlobalSection(ProjectConfigurationPlatforms) = postSolution
		{92EEE0BE-5C0D-45EA-BB1C-C2A942A2BB78}.Debug|Any CPU.ActiveCfg = Debug|Any CPU
		{92EEE0BE-5C0D-45EA-BB1C-C2A942A2BB78}.Debug|Any CPU.Build.0 = Debug|Any CPU
		{92EEE0BE-5C0D-45EA-BB1C-C2A942A2BB78}.Release|Any CPU.ActiveCfg = Release|Any CPU
		{92EEE0BE-5C0D-45EA-BB1C-C2A942A2BB78}.Release|Any CPU.Build.0 = Release|Any CPU
		{68E1B69D-D3BC-4E19-86E5-1AEF897E665B}.Debug|Any CPU.ActiveCfg = Debug|Any CPU
		{68E1B69D-D3BC-4E19-86E5-1AEF897E665B}.Debug|Any CPU.Build.0 = Debug|Any CPU
		{68E1B69D-D3BC-4E19-86E5-1AEF897E665B}.Release|Any CPU.ActiveCfg = Release|Any CPU
		{68E1B69D-D3BC-4E19-86E5-1AEF897E665B}.Release|Any CPU.Build.0 = Release|Any CPU
		{EF50A938-EB9B-4740-8E78-17A9BA60E7E0}.Debug|Any CPU.ActiveCfg = Debug|Any CPU
		{EF50A938-EB9B-4740-8E78-17A9BA60E7E0}.Debug|Any CPU.Build.0 = Debug|Any CPU
		{EF50A938-EB9B-4740-8E78-17A9BA60E7E0}.Release|Any CPU.ActiveCfg = Release|Any CPU
		{EF50A938-EB9B-4740-8E78-17A9BA60E7E0}.Release|Any CPU.Build.0 = Release|Any CPU
		{A73D5713-A3AD-4954-BF1B-7B3F5234DE3E}.Debug|Any CPU.ActiveCfg = Debug|Any CPU
		{A73D5713-A3AD-4954-BF1B-7B3F5234DE3E}.Debug|Any CPU.Build.0 = Debug|Any CPU
		{A73D5713-A3AD-4954-BF1B-7B3F5234DE3E}.Release|Any CPU.ActiveCfg = Release|Any CPU
		{A73D5713-A3AD-4954-BF1B-7B3F5234DE3E}.Release|Any CPU.Build.0 = Release|Any CPU
	EndGlobalSection
	GlobalSection(SolutionProperties) = preSolution
		HideSolutionNode = FALSE
	EndGlobalSection
	GlobalSection(ExtensibilityGlobals) = postSolution
		SolutionGuid = {67C54843-C483-4DF6-BC2C-434A9E9078B7}
	EndGlobalSection
EndGlobal
